
Microsoft Visual Studio Solution File, Format Version 12.00
# Visual Studio Version 17
VisualStudioVersion = 17.3.32811.315
MinimumVisualStudioVersion = 10.0.40219.1
Project("{FAE04EC0-301F-11D3-BF4B-00C04F79EFBC}") = "DU_Market_Release", "DU_Market_Release\DU_Market_Release.csproj", "{E2930546-D59C-44B1-8941-23A8D50CAF1D}"
EndProject
Global
	GlobalSection(SolutionConfigurationPlatforms) = preSolution
		Debug|Any CPU = Debug|Any CPU
		Release|Any CPU = Release|Any CPU
	EndGlobalSection
	GlobalSection(ProjectConfigurationPlatforms) = postSolution
		{E2930546-D59C-44B1-8941-23A8D50CAF1D}.Debug|Any CPU.ActiveCfg = Debug|Any CPU
		{E2930546-D59C-44B1-8941-23A8D50CAF1D}.Debug|Any CPU.Build.0 = Debug|Any CPU
		{E2930546-D59C-44B1-8941-23A8D50CAF1D}.Release|Any CPU.ActiveCfg = Release|Any CPU
		{E2930546-D59C-44B1-8941-23A8D50CAF1D}.Release|Any CPU.Build.0 = Release|Any CPU
	EndGlobalSection
	GlobalSection(SolutionProperties) = preSolution
		HideSolutionNode = FALSE
	EndGlobalSection
	GlobalSection(ExtensibilityGlobals) = postSolution
		SolutionGuid = {E71FDD2B-8EE1-42F8-8491-61670266B8D1}
	EndGlobalSection
EndGlobal
